
Microsoft Visual Studio Solution File, Format Version 12.00
# Visual Studio Version 17
VisualStudioVersion = 17.2.32616.157
MinimumVisualStudioVersion = 10.0.40219.1
Project("{2150E333-8FDC-42A3-9474-1A3956D46DE8}") = "src", "src", "{A8DC70BC-1D8A-4343-8141-2928D89A113E}"
EndProject
Project("{9A19103F-16F7-4668-BE54-9A1E7A4F7556}") = "Alyio.Extensions.Http.Logging", "src\Alyio.Extensions.Http.Logging\Alyio.Extensions.Http.Logging.csproj", "{75D218D9-F957-485C-805A-C4F69F037FE2}"
EndProject
Project("{2150E333-8FDC-42A3-9474-1A3956D46DE8}") = "test", "test", "{82E98D17-B42A-41D5-8F75-88A181DC713E}"
EndProject
Project("{9A19103F-16F7-4668-BE54-9A1E7A4F7556}") = "Alyio.Extensions.Http.Logging.Tests", "test\Alyio.Extensions.Http.Logging.Tests\Alyio.Extensions.Http.Logging.Tests.csproj", "{80FB4EDE-C88F-434E-9055-2401D91F4BE5}"
EndProject
Project("{9A19103F-16F7-4668-BE54-9A1E7A4F7556}") = "Alyio.Extensions.Http.Logging.Samples", "test\Alyio.Extensions.Http.Logging.Samples\Alyio.Extensions.Http.Logging.Samples.csproj", "{933D4DFA-665E-4C5A-8B94-7080D5080A57}"
EndProject
Project("{2150E333-8FDC-42A3-9474-1A3956D46DE8}") = "Solution Items", "Solution Items", "{8EC462FD-D22E-90A8-E5CE-7E832BA40C5D}"
	ProjectSection(SolutionItems) = preProject
		.editorconfig = .editorconfig
		Directory.Build.props = Directory.Build.props
		Directory.Packages.props = Directory.Packages.props
	EndProjectSection
EndProject
Project("{2150E333-8FDC-42A3-9474-1A3956D46DE8}") = "samples", "samples", "{02EA681E-C7D8-13C7-8484-4AC65E1B71E8}"
EndProject
Global
	GlobalSection(SolutionConfigurationPlatforms) = preSolution
		Debug|Any CPU = Debug|Any CPU
		Release|Any CPU = Release|Any CPU
	EndGlobalSection
	GlobalSection(ProjectConfigurationPlatforms) = postSolution
		{75D218D9-F957-485C-805A-C4F69F037FE2}.Debug|Any CPU.ActiveCfg = Debug|Any CPU
		{75D218D9-F957-485C-805A-C4F69F037FE2}.Debug|Any CPU.Build.0 = Debug|Any CPU
		{75D218D9-F957-485C-805A-C4F69F037FE2}.Release|Any CPU.ActiveCfg = Release|Any CPU
		{75D218D9-F957-485C-805A-C4F69F037FE2}.Release|Any CPU.Build.0 = Release|Any CPU
		{80FB4EDE-C88F-434E-9055-2401D91F4BE5}.Debug|Any CPU.ActiveCfg = Debug|Any CPU
		{80FB4EDE-C88F-434E-9055-2401D91F4BE5}.Debug|Any CPU.Build.0 = Debug|Any CPU
		{80FB4EDE-C88F-434E-9055-2401D91F4BE5}.Release|Any CPU.ActiveCfg = Release|Any CPU
		{80FB4EDE-C88F-434E-9055-2401D91F4BE5}.Release|Any CPU.Build.0 = Release|Any CPU
		{933D4DFA-665E-4C5A-8B94-7080D5080A57}.Debug|Any CPU.ActiveCfg = Debug|Any CPU
		{933D4DFA-665E-4C5A-8B94-7080D5080A57}.Debug|Any CPU.Build.0 = Debug|Any CPU
		{933D4DFA-665E-4C5A-8B94-7080D5080A57}.Release|Any CPU.ActiveCfg = Release|Any CPU
		{933D4DFA-665E-4C5A-8B94-7080D5080A57}.Release|Any CPU.Build.0 = Release|Any CPU
	EndGlobalSection
	GlobalSection(SolutionProperties) = preSolution
		HideSolutionNode = FALSE
	EndGlobalSection
	GlobalSection(NestedProjects) = preSolution
		{75D218D9-F957-485C-805A-C4F69F037FE2} = {A8DC70BC-1D8A-4343-8141-2928D89A113E}
		{80FB4EDE-C88F-434E-9055-2401D91F4BE5} = {82E98D17-B42A-41D5-8F75-88A181DC713E}
		{933D4DFA-665E-4C5A-8B94-7080D5080A57} = {02EA681E-C7D8-13C7-8484-4AC65E1B71E8}
	EndGlobalSection
	GlobalSection(ExtensibilityGlobals) = postSolution
		SolutionGuid = {572A1B83-25CA-438F-98E8-7E345B24B0ED}
	EndGlobalSection
EndGlobal
